Microsoft Visual Studio Solution File, Format Version 12.00
# Visual Studio Version 17
VisualStudioVersion = 17.5.2.0
MinimumVisualStudioVersion = 10.0.40219.1
Project("{FAE04EC0-301F-11D3-BF4B-00C04F79EFBC}") = "Assembler", "Assembler\Assembler.csproj", "{83447C43-2E6B-1EBD-4B50-BE83FBDBFDC0}"
EndProject
Global
	GlobalSection(SolutionConfigurationPlatforms) = preSolution
		Debug|Any CPU = Debug|Any CPU
		Release|Any CPU = Release|Any CPU
	EndGlobalSection
	GlobalSection(ProjectConfigurationPlatforms) = postSolution
		{83447C43-2E6B-1EBD-4B50-BE83FBDBFDC0}.Debug|Any CPU.ActiveCfg = Debug|Any CPU
		{83447C43-2E6B-1EBD-4B50-BE83FBDBFDC0}.Debug|Any CPU.Build.0 = Debug|Any CPU
		{83447C43-2E6B-1EBD-4B50-BE83FBDBFDC0}.Release|Any CPU.ActiveCfg = Release|Any CPU
		{83447C43-2E6B-1EBD-4B50-BE83FBDBFDC0}.Release|Any CPU.Build.0 = Release|Any CPU
	EndGlobalSection
	GlobalSection(SolutionProperties) = preSolution
		HideSolutionNode = FALSE
	EndGlobalSection
	GlobalSection(ExtensibilityGlobals) = postSolution
		SolutionGuid = {EEA7C782-C478-4490-A051-0D9600A9E388}
	EndGlobalSection
EndGlobal
